
Microsoft Visual Studio Solution File, Format Version 12.00
# Visual Studio Version 17
VisualStudioVersion = 17.7.34221.43
MinimumVisualStudioVersion = 10.0.40219.1
Project("{9A19103F-16F7-4668-BE54-9A1E7A4F7556}") = "se4458_final", "se4458_final\se4458_final.csproj", "{D6F63A3A-C387-4669-B445-858AB18BDF5A}"
EndProject
Global
	GlobalSection(SolutionConfigurationPlatforms) = preSolution
		Debug|Any CPU = Debug|Any CPU
		Release|Any CPU = Release|Any CPU
	EndGlobalSection
	GlobalSection(ProjectConfigurationPlatforms) = postSolution
		{D6F63A3A-C387-4669-B445-858AB18BDF5A}.Debug|Any CPU.ActiveCfg = Debug|Any CPU
		{D6F63A3A-C387-4669-B445-858AB18BDF5A}.Debug|Any CPU.Build.0 = Debug|Any CPU
		{D6F63A3A-C387-4669-B445-858AB18BDF5A}.Release|Any CPU.ActiveCfg = Release|Any CPU
		{D6F63A3A-C387-4669-B445-858AB18BDF5A}.Release|Any CPU.Build.0 = Release|Any CPU
	EndGlobalSection
	GlobalSection(SolutionProperties) = preSolution
		HideSolutionNode = FALSE
	EndGlobalSection
	GlobalSection(ExtensibilityGlobals) = postSolution
		SolutionGuid = {E4577A73-DF0C-448A-A055-196E9D5C7439}
	EndGlobalSection
EndGlobal
